
Microsoft Visual Studio Solution File, Format Version 12.00
# Visual Studio Version 16
VisualStudioVersion = 16.0.30907.101
MinimumVisualStudioVersion = 10.0.40219.1
Project("{FAE04EC0-301F-11D3-BF4B-00C04F79EFBC}") = "ClassMethodDemo", "ClassMethodDemo\ClassMethodDemo.csproj", "{8E1490AB-12E9-4F97-8A64-20F74D4BFF89}"
EndProject
Global
	GlobalSection(SolutionConfigurationPlatforms) = preSolution
		Debug|Any CPU = Debug|Any CPU
		Release|Any CPU = Release|Any CPU
	EndGlobalSection
	GlobalSection(ProjectConfigurationPlatforms) = postSolution
		{8E1490AB-12E9-4F97-8A64-20F74D4BFF89}.Debug|Any CPU.ActiveCfg = Debug|Any CPU
		{8E1490AB-12E9-4F97-8A64-20F74D4BFF89}.Debug|Any CPU.Build.0 = Debug|Any CPU
		{8E1490AB-12E9-4F97-8A64-20F74D4BFF89}.Release|Any CPU.ActiveCfg = Release|Any CPU
		{8E1490AB-12E9-4F97-8A64-20F74D4BFF89}.Release|Any CPU.Build.0 = Release|Any CPU
	EndGlobalSection
	GlobalSection(SolutionProperties) = preSolution
		HideSolutionNode = FALSE
	EndGlobalSection
	GlobalSection(ExtensibilityGlobals) = postSolution
		SolutionGuid = {6E8C1B10-1BF5-40DC-A23B-9F0EBB7E5341}
	EndGlobalSection
EndGlobal
